
Microsoft Visual Studio Solution File, Format Version 12.00
# Visual Studio Version 17
VisualStudioVersion = 17.8.34309.116
MinimumVisualStudioVersion = 10.0.40219.1
Project("{9A19103F-16F7-4668-BE54-9A1E7A4F7556}") = "Imdb", "Imdb\Imdb.csproj", "{CA61DF53-572A-48A9-BAB3-8DA61043EDB3}"
EndProject
Project("{9A19103F-16F7-4668-BE54-9A1E7A4F7556}") = "Imdb.Common", "Imdb.Common\Imdb.Common.csproj", "{9320A1FB-8A50-47F4-9DAB-DB17157538E8}"
EndProject
Project("{9A19103F-16F7-4668-BE54-9A1E7A4F7556}") = "Imdb.Loader", "Imdb.Loader\Imdb.Loader.csproj", "{F5E4B00E-4BB4-43FF-B9BD-154D80A5FA37}"
EndProject
Project("{9A19103F-16F7-4668-BE54-9A1E7A4F7556}") = "Imdb.Loader.Tests", "Tests\Imdb.Loader.Tests\Imdb.Loader.Tests.csproj", "{030208E1-D6A7-408A-AE36-E3D5F345D075}"
EndProject
Project("{9A19103F-16F7-4668-BE54-9A1E7A4F7556}") = "Imdb.Tests", "Tests\Imdb.Tests\Imdb.Tests.csproj", "{701B7C5B-826F-4F0A-BCA5-B0512CF6838A}"
EndProject
Project("{2150E333-8FDC-42A3-9474-1A3956D46DE8}") = "Tests", "Tests", "{051D8019-EC2C-4D7F-B2CD-B8C04592A3A7}"
EndProject
Global
	GlobalSection(SolutionConfigurationPlatforms) = preSolution
		Debug|Any CPU = Debug|Any CPU
		Release|Any CPU = Release|Any CPU
	EndGlobalSection
	GlobalSection(ProjectConfigurationPlatforms) = postSolution
		{CA61DF53-572A-48A9-BAB3-8DA61043EDB3}.Debug|Any CPU.ActiveCfg = Debug|Any CPU
		{CA61DF53-572A-48A9-BAB3-8DA61043EDB3}.Debug|Any CPU.Build.0 = Debug|Any CPU
		{CA61DF53-572A-48A9-BAB3-8DA61043EDB3}.Release|Any CPU.ActiveCfg = Release|Any CPU
		{CA61DF53-572A-48A9-BAB3-8DA61043EDB3}.Release|Any CPU.Build.0 = Release|Any CPU
		{9320A1FB-8A50-47F4-9DAB-DB17157538E8}.Debug|Any CPU.ActiveCfg = Debug|Any CPU
		{9320A1FB-8A50-47F4-9DAB-DB17157538E8}.Debug|Any CPU.Build.0 = Debug|Any CPU
		{9320A1FB-8A50-47F4-9DAB-DB17157538E8}.Release|Any CPU.ActiveCfg = Release|Any CPU
		{9320A1FB-8A50-47F4-9DAB-DB17157538E8}.Release|Any CPU.Build.0 = Release|Any CPU
		{F5E4B00E-4BB4-43FF-B9BD-154D80A5FA37}.Debug|Any CPU.ActiveCfg = Debug|Any CPU
		{F5E4B00E-4BB4-43FF-B9BD-154D80A5FA37}.Debug|Any CPU.Build.0 = Debug|Any CPU
		{F5E4B00E-4BB4-43FF-B9BD-154D80A5FA37}.Release|Any CPU.ActiveCfg = Release|Any CPU
		{F5E4B00E-4BB4-43FF-B9BD-154D80A5FA37}.Release|Any CPU.Build.0 = Release|Any CPU
		{030208E1-D6A7-408A-AE36-E3D5F345D075}.Debug|Any CPU.ActiveCfg = Debug|Any CPU
		{030208E1-D6A7-408A-AE36-E3D5F345D075}.Debug|Any CPU.Build.0 = Debug|Any CPU
		{030208E1-D6A7-408A-AE36-E3D5F345D075}.Release|Any CPU.ActiveCfg = Release|Any CPU
		{030208E1-D6A7-408A-AE36-E3D5F345D075}.Release|Any CPU.Build.0 = Release|Any CPU
		{701B7C5B-826F-4F0A-BCA5-B0512CF6838A}.Debug|Any CPU.ActiveCfg = Debug|Any CPU
		{701B7C5B-826F-4F0A-BCA5-B0512CF6838A}.Debug|Any CPU.Build.0 = Debug|Any CPU
		{701B7C5B-826F-4F0A-BCA5-B0512CF6838A}.Release|Any CPU.ActiveCfg = Release|Any CPU
		{701B7C5B-826F-4F0A-BCA5-B0512CF6838A}.Release|Any CPU.Build.0 = Release|Any CPU
	EndGlobalSection
	GlobalSection(SolutionProperties) = preSolution
		HideSolutionNode = FALSE
	EndGlobalSection
	GlobalSection(NestedProjects) = preSolution
		{030208E1-D6A7-408A-AE36-E3D5F345D075} = {051D8019-EC2C-4D7F-B2CD-B8C04592A3A7}
		{701B7C5B-826F-4F0A-BCA5-B0512CF6838A} = {051D8019-EC2C-4D7F-B2CD-B8C04592A3A7}
	EndGlobalSection
	GlobalSection(ExtensibilityGlobals) = postSolution
		SolutionGuid = {06784CDA-91C6-4793-A433-4B3502CF86CD}
	EndGlobalSection
EndGlobal
