
Microsoft Visual Studio Solution File, Format Version 12.00
# Visual Studio Version 17
VisualStudioVersion = 17.0.31903.59
MinimumVisualStudioVersion = 10.0.40219.1
Project("{9A19103F-16F7-4668-BE54-9A1E7A4F7556}") = "Imdb", "Imdb\Imdb.csproj", "{7B344A55-F702-4B8D-8AFF-DBCEA79FC2F5}"
EndProject
Project("{9A19103F-16F7-4668-BE54-9A1E7A4F7556}") = "Imdb.Common", "Imdb.Common\Imdb.Common.csproj", "{B5147F40-3466-4218-A8D9-D36563E57619}"
EndProject
Project("{9A19103F-16F7-4668-BE54-9A1E7A4F7556}") = "Imdb.Loader", "Imdb.Loader\Imdb.Loader.csproj", "{9B909A17-C0AD-4CF5-A576-12C1EEC011E1}"
EndProject
Global
	GlobalSection(SolutionConfigurationPlatforms) = preSolution
		Debug|Any CPU = Debug|Any CPU
		Release|Any CPU = Release|Any CPU
	EndGlobalSection
	GlobalSection(ProjectConfigurationPlatforms) = postSolution
		{7B344A55-F702-4B8D-8AFF-DBCEA79FC2F5}.Debug|Any CPU.ActiveCfg = Debug|Any CPU
		{7B344A55-F702-4B8D-8AFF-DBCEA79FC2F5}.Debug|Any CPU.Build.0 = Debug|Any CPU
		{7B344A55-F702-4B8D-8AFF-DBCEA79FC2F5}.Release|Any CPU.ActiveCfg = Release|Any CPU
		{7B344A55-F702-4B8D-8AFF-DBCEA79FC2F5}.Release|Any CPU.Build.0 = Release|Any CPU
		{B5147F40-3466-4218-A8D9-D36563E57619}.Debug|Any CPU.ActiveCfg = Debug|Any CPU
		{B5147F40-3466-4218-A8D9-D36563E57619}.Debug|Any CPU.Build.0 = Debug|Any CPU
		{B5147F40-3466-4218-A8D9-D36563E57619}.Release|Any CPU.ActiveCfg = Release|Any CPU
		{B5147F40-3466-4218-A8D9-D36563E57619}.Release|Any CPU.Build.0 = Release|Any CPU
		{9B909A17-C0AD-4CF5-A576-12C1EEC011E1}.Debug|Any CPU.ActiveCfg = Debug|Any CPU
		{9B909A17-C0AD-4CF5-A576-12C1EEC011E1}.Debug|Any CPU.Build.0 = Debug|Any CPU
		{9B909A17-C0AD-4CF5-A576-12C1EEC011E1}.Release|Any CPU.ActiveCfg = Release|Any CPU
		{9B909A17-C0AD-4CF5-A576-12C1EEC011E1}.Release|Any CPU.Build.0 = Release|Any CPU
	EndGlobalSection
	GlobalSection(SolutionProperties) = preSolution
		HideSolutionNode = FALSE
	EndGlobalSection
	GlobalSection(ExtensibilityGlobals) = postSolution
		SolutionGuid = {56597BE6-9568-47A1-B10A-12A4EFD0817E}
	EndGlobalSection
EndGlobal
